// !$*UTF8*$!
{
	archiveVersion = 1;
	classes = {
	};
	objectVersion = 56;
	objects = {

/* Begin PBXBuildFile section */
		5E4E84332A1080A70078C3C5 /* AppDelegate.swift in Sources */ = {isa = PBXBuildFile; fileRef = 5E4E84322A1080A70078C3C5 /* AppDelegate.swift */; };
		5E4E84352A1080A70078C3C5 /* SceneDelegate.swift in Sources */ = {isa = PBXBuildFile; fileRef = 5E4E84342A1080A70078C3C5 /* SceneDelegate.swift */; };
		5E4E843C2A1080AA0078C3C5 /* Assets.xcassets in Resources */ = {isa = PBXBuildFile; fileRef = 5E4E843B2A1080AA0078C3C5 /* Assets.xcassets */; };
		5E4E844B2A10812D0078C3C5 /* LaunchScreen.storyboard in Resources */ = {isa = PBXBuildFile; fileRef = 5E4E84472A10812D0078C3C5 /* LaunchScreen.storyboard */; };
		5E4E84502A10814D0078C3C5 /* ResultsTableViewController.swift in Sources */ = {isa = PBXBuildFile; fileRef = 5E4E844E2A10814D0078C3C5 /* ResultsTableViewController.swift */; };
		5E4E84512A10814D0078C3C5 /* LookupViewController.swift in Sources */ = {isa = PBXBuildFile; fileRef = 5E4E844F2A10814D0078C3C5 /* LookupViewController.swift */; };
		5EA8A0A32A12DEA200D43B1C /* Poppins-Regular.ttf in Resources */ = {isa = PBXBuildFile; fileRef = 5EA8A0A22A12DEA200D43B1C /* Poppins-Regular.ttf */; };
		5EA8A0A62A12E2FE00D43B1C /* SearchButton.swift in Sources */ = {isa = PBXBuildFile; fileRef = 5EA8A0A52A12E2FE00D43B1C /* SearchButton.swift */; };
		5EA8A0B12A12F63D00D43B1C /* UIColor+MessageCenter.swift in Sources */ = {isa = PBXBuildFile; fileRef = 5EA8A0B02A12F63D00D43B1C /* UIColor+MessageCenter.swift */; };
		5EA8A0B32A13007300D43B1C /* EmailFormField.xib in Resources */ = {isa = PBXBuildFile; fileRef = 5EA8A0B22A13007300D43B1C /* EmailFormField.xib */; };
		5EA8A0B52A13009000D43B1C /* EmailFormField.swift in Sources */ = {isa = PBXBuildFile; fileRef = 5EA8A0B42A13009000D43B1C /* EmailFormField.swift */; };
		5EA8A0B82A13048500D43B1C /* Main.storyboard in Resources */ = {isa = PBXBuildFile; fileRef = 5EA8A0B62A13048400D43B1C /* Main.storyboard */; };
		5EA8A0BA2A130EED00D43B1C /* Constants.swift in Sources */ = {isa = PBXBuildFile; fileRef = 5EA8A0B92A130EED00D43B1C /* Constants.swift */; };
		5EA8A0BE2A132C1300D43B1C /* Message.swift in Sources */ = {isa = PBXBuildFile; fileRef = 5EA8A0BD2A132C1300D43B1C /* Message.swift */; };
		5EA8A0C02A132C7900D43B1C /* MessageService.swift in Sources */ = {isa = PBXBuildFile; fileRef = 5EA8A0BF2A132C7800D43B1C /* MessageService.swift */; };
		5EBCBD372A1348A700E65402 /* MessageTableViewCell.swift in Sources */ = {isa = PBXBuildFile; fileRef = 5EBCBD352A1348A700E65402 /* MessageTableViewCell.swift */; };
		5EBCBD382A1348A700E65402 /* MessageTableViewCell.xib in Resources */ = {isa = PBXBuildFile; fileRef = 5EBCBD362A1348A700E65402 /* MessageTableViewCell.xib */; };
		5EBCBD3A2A134A2600E65402 /* Poppins-Bold.ttf in Resources */ = {isa = PBXBuildFile; fileRef = 5EBCBD392A134A2600E65402 /* Poppins-Bold.ttf */; };
/* End PBXBuildFile section */

/* Begin PBXFileReference section */
		5E4E842F2A1080A70078C3C5 /* Message-Center-App.app */ = {isa = PBXFileReference; explicitFileType = wrapper.application; includeInIndex = 0; path = "Message-Center-App.app"; sourceTree = BUILT_PRODUCTS_DIR; };
		5E4E84322A1080A70078C3C5 /* AppDelegate.swift */ = {isa = PBXFileReference; lastKnownFileType = sourcecode.swift; path = AppDelegate.swift; sourceTree = "<group>"; };
		5E4E84342A1080A70078C3C5 /* SceneDelegate.swift */ = {isa = PBXFileReference; lastKnownFileType = sourcecode.swift; path = SceneDelegate.swift; sourceTree = "<group>"; };
		5E4E843B2A1080AA0078C3C5 /* Assets.xcassets */ = {isa = PBXFileReference; lastKnownFileType = folder.assetcatalog; path = Assets.xcassets; sourceTree = "<group>"; };
		5E4E84402A1080AA0078C3C5 /* Info.plist */ = {isa = PBXFileReference; lastKnownFileType = text.plist.xml; path = Info.plist; sourceTree = "<group>"; };
		5E4E84482A10812D0078C3C5 /* Base */ = {isa = PBXFileReference; lastKnownFileType = file.storyboard; name = Base; path = Base.lproj/LaunchScreen.storyboard; sourceTree = "<group>"; };
		5E4E844E2A10814D0078C3C5 /* ResultsTableViewController.swift */ = {isa = PBXFileReference; fileEncoding = 4; lastKnownFileType = sourcecode.swift; path = ResultsTableViewController.swift; sourceTree = "<group>"; };
		5E4E844F2A10814D0078C3C5 /* LookupViewController.swift */ = {isa = PBXFileReference; fileEncoding = 4; lastKnownFileType = sourcecode.swift; path = LookupViewController.swift; sourceTree = "<group>"; };
		5EA8A0A22A12DEA200D43B1C /* Poppins-Regular.ttf */ = {isa = PBXFileReference; lastKnownFileType = file; path = "Poppins-Regular.ttf"; sourceTree = "<group>"; };
		5EA8A0A52A12E2FE00D43B1C /* SearchButton.swift */ = {isa = PBXFileReference; lastKnownFileType = sourcecode.swift; path = SearchButton.swift; sourceTree = "<group>"; };
		5EA8A0B02A12F63D00D43B1C /* UIColor+MessageCenter.swift */ = {isa = PBXFileReference; lastKnownFileType = sourcecode.swift; path = "UIColor+MessageCenter.swift"; sourceTree = "<group>"; };
		5EA8A0B22A13007300D43B1C /* EmailFormField.xib */ = {isa = PBXFileReference; lastKnownFileType = file.xib; path = EmailFormField.xib; sourceTree = "<group>"; };
		5EA8A0B42A13009000D43B1C /* EmailFormField.swift */ = {isa = PBXFileReference; lastKnownFileType = sourcecode.swift; path = EmailFormField.swift; sourceTree = "<group>"; };
		5EA8A0B72A13048400D43B1C /* Base */ = {isa = PBXFileReference; lastKnownFileType = file.storyboard; name = Base; path = Base.lproj/Main.storyboard; sourceTree = "<group>"; };
		5EA8A0B92A130EED00D43B1C /* Constants.swift */ = {isa = PBXFileReference; lastKnownFileType = sourcecode.swift; path = Constants.swift; sourceTree = "<group>"; };
		5EA8A0BD2A132C1300D43B1C /* Message.swift */ = {isa = PBXFileReference; lastKnownFileType = sourcecode.swift; path = Message.swift; sourceTree = "<group>"; };
		5EA8A0BF2A132C7800D43B1C /* MessageService.swift */ = {isa = PBXFileReference; lastKnownFileType = sourcecode.swift; path = MessageService.swift; sourceTree = "<group>"; };
		5EBCBD352A1348A700E65402 /* MessageTableViewCell.swift */ = {isa = PBXFileReference; lastKnownFileType = sourcecode.swift; path = MessageTableViewCell.swift; sourceTree = "<group>"; };
		5EBCBD362A1348A700E65402 /* MessageTableViewCell.xib */ = {isa = PBXFileReference; lastKnownFileType = file.xib; path = MessageTableViewCell.xib; sourceTree = "<group>"; };
		5EBCBD392A134A2600E65402 /* Poppins-Bold.ttf */ = {isa = PBXFileReference; lastKnownFileType = file; path = "Poppins-Bold.ttf"; sourceTree = "<group>"; };
/* End PBXFileReference section */

/* Begin PBXFrameworksBuildPhase section */
		5E4E842C2A1080A70078C3C5 /* Frameworks */ = {
			isa = PBXFrameworksBuildPhase;
			buildActionMask = 2147483647;
			files = (
			);
			runOnlyForDeploymentPostprocessing = 0;
		};
/* End PBXFrameworksBuildPhase section */

/* Begin PBXGroup section */
		5E4E84262A1080A70078C3C5 = {
			isa = PBXGroup;
			children = (
				5E4E84312A1080A70078C3C5 /* Message-Center-App */,
				5E4E84302A1080A70078C3C5 /* Products */,
			);
			sourceTree = "<group>";
		};
		5E4E84302A1080A70078C3C5 /* Products */ = {
			isa = PBXGroup;
			children = (
				5E4E842F2A1080A70078C3C5 /* Message-Center-App.app */,
			);
			name = Products;
			sourceTree = "<group>";
		};
		5E4E84312A1080A70078C3C5 /* Message-Center-App */ = {
			isa = PBXGroup;
			children = (
				5EA8A0A12A12DE6200D43B1C /* Resources */,
				5E4E844D2A10814D0078C3C5 /* Controllers */,
				5EA8A0BC2A132B4700D43B1C /* Service */,
				5E4E84462A10812D0078C3C5 /* Storyboards */,
				5EA8A0A42A12E27100D43B1C /* Views */,
				5EA8A0AF2A12F62600D43B1C /* Utils */,
				5E4E84322A1080A70078C3C5 /* AppDelegate.swift */,
				5E4E84342A1080A70078C3C5 /* SceneDelegate.swift */,
				5E4E84402A1080AA0078C3C5 /* Info.plist */,
			);
			path = "Message-Center-App";
			sourceTree = "<group>";
		};
		5E4E84462A10812D0078C3C5 /* Storyboards */ = {
			isa = PBXGroup;
			children = (
				5EA8A0B62A13048400D43B1C /* Main.storyboard */,
				5E4E84472A10812D0078C3C5 /* LaunchScreen.storyboard */,
			);
			path = Storyboards;
			sourceTree = "<group>";
		};
		5E4E844D2A10814D0078C3C5 /* Controllers */ = {
			isa = PBXGroup;
			children = (
				5E4E844F2A10814D0078C3C5 /* LookupViewController.swift */,
				5E4E844E2A10814D0078C3C5 /* ResultsTableViewController.swift */,
			);
			path = Controllers;
			sourceTree = "<group>";
		};
		5EA8A0A12A12DE6200D43B1C /* Resources */ = {
			isa = PBXGroup;
			children = (
				5E4E843B2A1080AA0078C3C5 /* Assets.xcassets */,
				5EBCBD392A134A2600E65402 /* Poppins-Bold.ttf */,
				5EA8A0A22A12DEA200D43B1C /* Poppins-Regular.ttf */,
			);
			path = Resources;
			sourceTree = "<group>";
		};
		5EA8A0A42A12E27100D43B1C /* Views */ = {
			isa = PBXGroup;
			children = (
				5EA8A0A52A12E2FE00D43B1C /* SearchButton.swift */,
				5EA8A0B22A13007300D43B1C /* EmailFormField.xib */,
				5EA8A0B42A13009000D43B1C /* EmailFormField.swift */,
				5EBCBD352A1348A700E65402 /* MessageTableViewCell.swift */,
				5EBCBD362A1348A700E65402 /* MessageTableViewCell.xib */,
			);
			path = Views;
			sourceTree = "<group>";
		};
		5EA8A0AF2A12F62600D43B1C /* Utils */ = {
			isa = PBXGroup;
			children = (
				5EA8A0B02A12F63D00D43B1C /* UIColor+MessageCenter.swift */,
				5EA8A0B92A130EED00D43B1C /* Constants.swift */,
			);
			path = Utils;
			sourceTree = "<group>";
		};
		5EA8A0BC2A132B4700D43B1C /* Service */ = {
			isa = PBXGroup;
			children = (
				5EA8A0BD2A132C1300D43B1C /* Message.swift */,
				5EA8A0BF2A132C7800D43B1C /* MessageService.swift */,
			);
			path = Service;
			sourceTree = "<group>";
		};
/* End PBXGroup section */

/* Begin PBXNativeTarget section */
		5E4E842E2A1080A70078C3C5 /* Message-Center-App */ = {
			isa = PBXNativeTarget;
			buildConfigurationList = 5E4E84432A1080AA0078C3C5 /* Build configuration list for PBXNativeTarget "Message-Center-App" */;
			buildPhases = (
				5E4E842B2A1080A70078C3C5 /* Sources */,
				5E4E842C2A1080A70078C3C5 /* Frameworks */,
				5E4E842D2A1080A70078C3C5 /* Resources */,
			);
			buildRules = (
			);
			dependencies = (
			);
			name = "Message-Center-App";
			productName = "Message-Center-App";
			productReference = 5E4E842F2A1080A70078C3C5 /* Message-Center-App.app */;
			productType = "com.apple.product-type.application";
		};
/* End PBXNativeTarget section */

/* Begin PBXProject section */
		5E4E84272A1080A70078C3C5 /* Project object */ = {
			isa = PBXProject;
			attributes = {
				BuildIndependentTargetsInParallel = 1;
				LastSwiftUpdateCheck = 1430;
				LastUpgradeCheck = 1430;
				TargetAttributes = {
					5E4E842E2A1080A70078C3C5 = {
						CreatedOnToolsVersion = 14.3;
					};
				};
			};
			buildConfigurationList = 5E4E842A2A1080A70078C3C5 /* Build configuration list for PBXProject "Message-Center-App" */;
			compatibilityVersion = "Xcode 14.0";
			developmentRegion = en;
			hasScannedForEncodings = 0;
			knownRegions = (
				en,
				Base,
			);
			mainGroup = 5E4E84262A1080A70078C3C5;
			productRefGroup = 5E4E84302A1080A70078C3C5 /* Products */;
			projectDirPath = "";
			projectRoot = "";
			targets = (
				5E4E842E2A1080A70078C3C5 /* Message-Center-App */,
			);
		};
/* End PBXProject section */

/* Begin PBXResourcesBuildPhase section */
		5E4E842D2A1080A70078C3C5 /* Resources */ = {
			isa = PBXResourcesBuildPhase;
			buildActionMask = 2147483647;
			files = (
				5E4E844B2A10812D0078C3C5 /* LaunchScreen.storyboard in Resources */,
				5EBCBD382A1348A700E65402 /* MessageTableViewCell.xib in Resources */,
				5EBCBD3A2A134A2600E65402 /* Poppins-Bold.ttf in Resources */,
				5E4E843C2A1080AA0078C3C5 /* Assets.xcassets in Resources */,
				5EA8A0B82A13048500D43B1C /* Main.storyboard in Resources */,
				5EA8A0A32A12DEA200D43B1C /* Poppins-Regular.ttf in Resources */,
				5EA8A0B32A13007300D43B1C /* EmailFormField.xib in Resources */,
			);
			runOnlyForDeploymentPostprocessing = 0;
		};
/* End PBXResourcesBuildPhase section */

/* Begin PBXSourcesBuildPhase section */
		5E4E842B2A1080A70078C3C5 /* Sources */ = {
			isa = PBXSourcesBuildPhase;
			buildActionMask = 2147483647;
			files = (
				5EA8A0B52A13009000D43B1C /* EmailFormField.swift in Sources */,
				5EA8A0B12A12F63D00D43B1C /* UIColor+MessageCenter.swift in Sources */,
				5EA8A0A62A12E2FE00D43B1C /* SearchButton.swift in Sources */,
				5EA8A0BE2A132C1300D43B1C /* Message.swift in Sources */,
				5EBCBD372A1348A700E65402 /* MessageTableViewCell.swift in Sources */,
				5E4E84502A10814D0078C3C5 /* ResultsTableViewController.swift in Sources */,
				5EA8A0C02A132C7900D43B1C /* MessageService.swift in Sources */,
				5E4E84332A1080A70078C3C5 /* AppDelegate.swift in Sources */,
				5E4E84512A10814D0078C3C5 /* LookupViewController.swift in Sources */,
				5E4E84352A1080A70078C3C5 /* SceneDelegate.swift in Sources */,
				5EA8A0BA2A130EED00D43B1C /* Constants.swift in Sources */,
			);
			runOnlyForDeploymentPostprocessing = 0;
		};
/* End PBXSourcesBuildPhase section */

/* Begin PBXVariantGroup section */
		5E4E84472A10812D0078C3C5 /* LaunchScreen.storyboard */ = {
			isa = PBXVariantGroup;
			children = (
				5E4E84482A10812D0078C3C5 /* Base */,
			);
			name = LaunchScreen.storyboard;
			sourceTree = "<group>";
		};
		5EA8A0B62A13048400D43B1C /* Main.storyboard */ = {
			isa = PBXVariantGroup;
			children = (
				5EA8A0B72A13048400D43B1C /* Base */,
			);
			name = Main.storyboard;
			sourceTree = "<group>";
		};
/* End PBXVariantGroup section */

/* Begin XCBuildConfiguration section */
		5E4E84412A1080AA0078C3C5 /* Debug */ = {
			isa = XCBuildConfiguration;
			buildSettings = {
				ALWAYS_SEARCH_USER_PATHS = NO;
				CLANG_ANALYZER_NONNULL = YES;
				CLANG_ANALYZER_NUMBER_OBJECT_CONVERSION = YES_AGGRESSIVE;
				CLANG_CXX_LANGUAGE_STANDARD = "gnu++20";
				CLANG_ENABLE_MODULES = YES;
				CLANG_ENABLE_OBJC_ARC = YES;
				CLANG_ENABLE_OBJC_WEAK = YES;
				CLANG_WARN_BLOCK_CAPTURE_AUTORELEASING = YES;
				CLANG_WARN_BOOL_CONVERSION = YES;
				CLANG_WARN_COMMA = YES;
				CLANG_WARN_CONSTANT_CONVERSION = YES;
				CLANG_WARN_DEPRECATED_OBJC_IMPLEMENTATIONS = YES;
				CLANG_WARN_DIRECT_OBJC_ISA_USAGE = YES_ERROR;
				CLANG_WARN_DOCUMENTATION_COMMENTS = YES;
				CLANG_WARN_EMPTY_BODY = YES;
				CLANG_WARN_ENUM_CONVERSION = YES;
				CLANG_WARN_INFINITE_RECURSION = YES;
				CLANG_WARN_INT_CONVERSION = YES;
				CLANG_WARN_NON_LITERAL_NULL_CONVERSION = YES;
				CLANG_WARN_OBJC_IMPLICIT_RETAIN_SELF = YES;
				CLANG_WARN_OBJC_LITERAL_CONVERSION = YES;
				CLANG_WARN_OBJC_ROOT_CLASS = YES_ERROR;
				CLANG_WARN_QUOTED_INCLUDE_IN_FRAMEWORK_HEADER = YES;
				CLANG_WARN_RANGE_LOOP_ANALYSIS = YES;
				CLANG_WARN_STRICT_PROTOTYPES = YES;
				CLANG_WARN_SUSPICIOUS_MOVE = YES;
				CLANG_WARN_UNGUARDED_AVAILABILITY = YES_AGGRESSIVE;
				CLANG_WARN_UNREACHABLE_CODE = YES;
				CLANG_WARN__DUPLICATE_METHOD_MATCH = YES;
				COPY_PHASE_STRIP = NO;
				DEBUG_INFORMATION_FORMAT = dwarf;
				ENABLE_STRICT_OBJC_MSGSEND = YES;
				ENABLE_TESTABILITY = YES;
				GCC_C_LANGUAGE_STANDARD = gnu11;
				GCC_DYNAMIC_NO_PIC = NO;
				GCC_NO_COMMON_BLOCKS = YES;
				GCC_OPTIMIZATION_LEVEL = 0;
				GCC_PREPROCESSOR_DEFINITIONS = (
					"DEBUG=1",
					"$(inherited)",
				);
				GCC_WARN_64_TO_32_BIT_CONVERSION = YES;
				GCC_WARN_ABOUT_RETURN_TYPE = YES_ERROR;
				GCC_WARN_UNDECLARED_SELECTOR = YES;
				GCC_WARN_UNINITIALIZED_AUTOS = YES_AGGRESSIVE;
				GCC_WARN_UNUSED_FUNCTION = YES;
				GCC_WARN_UNUSED_VARIABLE = YES;
				IPHONEOS_DEPLOYMENT_TARGET = 16.4;
				MTL_ENABLE_DEBUG_INFO = INCLUDE_SOURCE;
				MTL_FAST_MATH = YES;
				ONLY_ACTIVE_ARCH = YES;
				SDKROOT = iphoneos;
				SWIFT_ACTIVE_COMPILATION_CONDITIONS = DEBUG;
				SWIFT_OPTIMIZATION_LEVEL = "-Onone";
			};
			name = Debug;
		};
		5E4E84422A1080AA0078C3C5 /* Release */ = {
			isa = XCBuildConfiguration;
			buildSettings = {
				ALWAYS_SEARCH_USER_PATHS = NO;
				CLANG_ANALYZER_NONNULL = YES;
				CLANG_ANALYZER_NUMBER_OBJECT_CONVERSION = YES_AGGRESSIVE;
				CLANG_CXX_LANGUAGE_STANDARD = "gnu++20";
				CLANG_ENABLE_MODULES = YES;
				CLANG_ENABLE_OBJC_ARC = YES;
				CLANG_ENABLE_OBJC_WEAK = YES;
				CLANG_WARN_BLOCK_CAPTURE_AUTORELEASING = YES;
				CLANG_WARN_BOOL_CONVERSION = YES;
				CLANG_WARN_COMMA = YES;
				CLANG_WARN_CONSTANT_CONVERSION = YES;
				CLANG_WARN_DEPRECATED_OBJC_IMPLEMENTATIONS = YES;
				CLANG_WARN_DIRECT_OBJC_ISA_USAGE = YES_ERROR;
				CLANG_WARN_DOCUMENTATION_COMMENTS = YES;
				CLANG_WARN_EMPTY_BODY = YES;
				CLANG_WARN_ENUM_CONVERSION = YES;
				CLANG_WARN_INFINITE_RECURSION = YES;
				CLANG_WARN_INT_CONVERSION = YES;
				CLANG_WARN_NON_LITERAL_NULL_CONVERSION = YES;
				CLANG_WARN_OBJC_IMPLICIT_RETAIN_SELF = YES;
				CLANG_WARN_OBJC_LITERAL_CONVERSION = YES;
				CLANG_WARN_OBJC_ROOT_CLASS = YES_ERROR;
				CLANG_WARN_QUOTED_INCLUDE_IN_FRAMEWORK_HEADER = YES;
				CLANG_WARN_RANGE_LOOP_ANALYSIS = YES;
				CLANG_WARN_STRICT_PROTOTYPES = YES;
				CLANG_WARN_SUSPICIOUS_MOVE = YES;
				CLANG_WARN_UNGUARDED_AVAILABILITY = YES_AGGRESSIVE;
				CLANG_WARN_UNREACHABLE_CODE = YES;
				CLANG_WARN__DUPLICATE_METHOD_MATCH = YES;
				COPY_PHASE_STRIP = NO;
				DEBUG_INFORMATION_FORMAT = "dwarf-with-dsym";
				ENABLE_NS_ASSERTIONS = NO;
				ENABLE_STRICT_OBJC_MSGSEND = YES;
				GCC_C_LANGUAGE_STANDARD = gnu11;
				GCC_NO_COMMON_BLOCKS = YES;
				GCC_WARN_64_TO_32_BIT_CONVERSION = YES;
				GCC_WARN_ABOUT_RETURN_TYPE = YES_ERROR;
				GCC_WARN_UNDECLARED_SELECTOR = YES;
				GCC_WARN_UNINITIALIZED_AUTOS = YES_AGGRESSIVE;
				GCC_WARN_UNUSED_FUNCTION = YES;
				GCC_WARN_UNUSED_VARIABLE = YES;
				IPHONEOS_DEPLOYMENT_TARGET = 16.4;
				MTL_ENABLE_DEBUG_INFO = NO;
				MTL_FAST_MATH = YES;
				SDKROOT = iphoneos;
				SWIFT_COMPILATION_MODE = wholemodule;
				SWIFT_OPTIMIZATION_LEVEL = "-O";
				VALIDATE_PRODUCT = YES;
			};
			name = Release;
		};
		5E4E84442A1080AA0078C3C5 /* Debug */ = {
			isa = XCBuildConfiguration;
			buildSettings = {
				ASSETCATALOG_COMPILER_APPICON_NAME = AppIcon;
				ASSETCATALOG_COMPILER_GLOBAL_ACCENT_COLOR_NAME = MCAccentColor;
				CODE_SIGN_IDENTITY = "Apple Development";
				"CODE_SIGN_IDENTITY[sdk=iphoneos*]" = "iPhone Developer";
				CODE_SIGN_STYLE = Manual;
				CURRENT_PROJECT_VERSION = 1;
				DEVELOPMENT_TEAM = "";
				"DEVELOPMENT_TEAM[sdk=iphoneos*]" = L3PXB36C98;
				GENERATE_INFOPLIST_FILE = YES;
				INFOPLIST_FILE = "Message-Center-App/Info.plist";
				INFOPLIST_KEY_CFBundleDisplayName = "Message Center - Rooms To Go";
				INFOPLIST_KEY_UIApplicationSupportsIndirectInputEvents = YES;
				INFOPLIST_KEY_UILaunchStoryboardName = LaunchScreen.storyboard;
				INFOPLIST_KEY_UIMainStoryboardFile = Main;
				INFOPLIST_KEY_UISupportedInterfaceOrientations = "UIInterfaceOrientationPortrait UIInterfaceOrientationPortraitUpsideDown";
				INFOPLIST_KEY_UISupportedInterfaceOrientations_iPad = "UIInterfaceOrientationLandscapeLeft UIInterfaceOrientationLandscapeRight UIInterfaceOrientationPortrait UIInterfaceOrientationPortraitUpsideDown";
				IPHONEOS_DEPLOYMENT_TARGET = 15.0;
				LD_RUNPATH_SEARCH_PATHS = (
					"$(inherited)",
					"@executable_path/Frameworks",
				);
				MARKETING_VERSION = 1.0;
				PRODUCT_BUNDLE_IDENTIFIER = "com.sapientrazorfish.na.test-message-center";
				PRODUCT_NAME = "$(TARGET_NAME)";
				PROVISIONING_PROFILE_SPECIFIER = "";
				"PROVISIONING_PROFILE_SPECIFIER[sdk=iphoneos*]" = "SapientRazorfish Wildcard Development";
				SUPPORTED_PLATFORMS = "iphoneos iphonesimulator";
				SUPPORTS_MACCATALYST = NO;
				SUPPORTS_MAC_DESIGNED_FOR_IPHONE_IPAD = NO;
				SWIFT_EMIT_LOC_STRINGS = YES;
				SWIFT_VERSION = 5.0;
				TARGETED_DEVICE_FAMILY = "1,2";
			};
			name = Debug;
		};
		5E4E84452A1080AA0078C3C5 /* Release */ = {
			isa = XCBuildConfiguration;
			buildSettings = {
				ASSETCATALOG_COMPILER_APPICON_NAME = AppIcon;
				ASSETCATALOG_COMPILER_GLOBAL_ACCENT_COLOR_NAME = MCAccentColor;
				CODE_SIGN_IDENTITY = "Apple Development";
				"CODE_SIGN_IDENTITY[sdk=iphoneos*]" = "iPhone Developer";
				CODE_SIGN_STYLE = Manual;
				CURRENT_PROJECT_VERSION = 1;
				DEVELOPMENT_TEAM = "";
				"DEVELOPMENT_TEAM[sdk=iphoneos*]" = L3PXB36C98;
				GENERATE_INFOPLIST_FILE = YES;
				INFOPLIST_FILE = "Message-Center-App/Info.plist";
				INFOPLIST_KEY_CFBundleDisplayName = "Message Center - Rooms To Go";
				INFOPLIST_KEY_UIApplicationSupportsIndirectInputEvents = YES;
				INFOPLIST_KEY_UILaunchStoryboardName = LaunchScreen.storyboard;
				INFOPLIST_KEY_UIMainStoryboardFile = Main;
				INFOPLIST_KEY_UISupportedInterfaceOrientations = "UIInterfaceOrientationPortrait UIInterfaceOrientationPortraitUpsideDown";
				INFOPLIST_KEY_UISupportedInterfaceOrientations_iPad = "UIInterfaceOrientationLandscapeLeft UIInterfaceOrientationLandscapeRight UIInterfaceOrientationPortrait UIInterfaceOrientationPortraitUpsideDown";
				IPHONEOS_DEPLOYMENT_TARGET = 15.0;
				LD_RUNPATH_SEARCH_PATHS = (
					"$(inherited)",
					"@executable_path/Frameworks",
				);
				MARKETING_VERSION = 1.0;
				PRODUCT_BUNDLE_IDENTIFIER = "com.sapientrazorfish.na.test-message-center";
				PRODUCT_NAME = "$(TARGET_NAME)";
				PROVISIONING_PROFILE_SPECIFIER = "";
				"PROVISIONING_PROFILE_SPECIFIER[sdk=iphoneos*]" = "SapientRazorfish Wildcard Development";
				SUPPORTED_PLATFORMS = "iphoneos iphonesimulator";
				SUPPORTS_MACCATALYST = NO;
				SUPPORTS_MAC_DESIGNED_FOR_IPHONE_IPAD = NO;
				SWIFT_EMIT_LOC_STRINGS = YES;
				SWIFT_VERSION = 5.0;
				TARGETED_DEVICE_FAMILY = "1,2";
			};
			name = Release;
		};
/* End XCBuildConfiguration section */

/* Begin XCConfigurationList section */
		5E4E842A2A1080A70078C3C5 /* Build configuration list for PBXProject "Message-Center-App" */ = {
			isa = XCConfigurationList;
			buildConfigurations = (
				5E4E84412A1080AA0078C3C5 /* Debug */,
				5E4E84422A1080AA0078C3C5 /* Release */,
			);
			defaultConfigurationIsVisible = 0;
			defaultConfigurationName = Release;
		};
		5E4E84432A1080AA0078C3C5 /* Build configuration list for PBXNativeTarget "Message-Center-App" */ = {
			isa = XCConfigurationList;
			buildConfigurations = (
				5E4E84442A1080AA0078C3C5 /* Debug */,
				5E4E84452A1080AA0078C3C5 /* Release */,
			);
			defaultConfigurationIsVisible = 0;
			defaultConfigurationName = Release;
		};
/* End XCConfigurationList section */
	};
	rootObject = 5E4E84272A1080A70078C3C5 /* Project object */;
}
